
Microsoft Visual Studio Solution File, Format Version 12.00
# Visual Studio Version 17
VisualStudioVersion = 17.7.34018.315
MinimumVisualStudioVersion = 10.0.40219.1
Project("{FAE04EC0-301F-11D3-BF4B-00C04F79EFBC}") = "App01_ConsultaCEP.UWP", "App01_ConsultaCEP.UWP\App01_ConsultaCEP.UWP.csproj", "{84C5FEAE-F810-4D26-93B6-39D592107C9A}"
EndProject
Project("{FAE04EC0-301F-11D3-BF4B-00C04F79EFBC}") = "App01_ConsultaCEP.Android", "App01_ConsultaCEP.Android\App01_ConsultaCEP.Android.csproj", "{BA90A9C6-711B-4F5D-A0D5-343BDD295B92}"
EndProject
Project("{FAE04EC0-301F-11D3-BF4B-00C04F79EFBC}") = "App01_ConsultaCEP.iOS", "App01_ConsultaCEP.iOS\App01_ConsultaCEP.iOS.csproj", "{CC2E38D0-1392-43A0-98A7-71A941A97B00}"
EndProject
Project("{FAE04EC0-301F-11D3-BF4B-00C04F79EFBC}") = "App01_ConsultaCEP", "App01_ConsultaCEP\App01_ConsultaCEP.csproj", "{D48604BA-3A37-4DAB-9206-E0CFC4DF6554}"
EndProject
Global
	GlobalSection(SolutionConfigurationPlatforms) = preSolution
		Debug|Any CPU = Debug|Any CPU
		Debug|ARM = Debug|ARM
		Debug|iPhone = Debug|iPhone
		Debug|iPhoneSimulator = Debug|iPhoneSimulator
		Debug|x64 = Debug|x64
		Debug|x86 = Debug|x86
		Release|Any CPU = Release|Any CPU
		Release|ARM = Release|ARM
		Release|iPhone = Release|iPhone
		Release|iPhoneSimulator = Release|iPhoneSimulator
		Release|x64 = Release|x64
		Release|x86 = Release|x86
	EndGlobalSection
	GlobalSection(ProjectConfigurationPlatforms) = postSolution
		{84C5FEAE-F810-4D26-93B6-39D592107C9A}.Debug|Any CPU.ActiveCfg = Debug|x64
		{84C5FEAE-F810-4D26-93B6-39D592107C9A}.Debug|Any CPU.Build.0 = Debug|x64
		{84C5FEAE-F810-4D26-93B6-39D592107C9A}.Debug|Any CPU.Deploy.0 = Debug|x64
		{84C5FEAE-F810-4D26-93B6-39D592107C9A}.Debug|ARM.ActiveCfg = Debug|ARM
		{84C5FEAE-F810-4D26-93B6-39D592107C9A}.Debug|ARM.Build.0 = Debug|ARM
		{84C5FEAE-F810-4D26-93B6-39D592107C9A}.Debug|ARM.Deploy.0 = Debug|ARM
		{84C5FEAE-F810-4D26-93B6-39D592107C9A}.Debug|iPhone.ActiveCfg = Debug|x64
		{84C5FEAE-F810-4D26-93B6-39D592107C9A}.Debug|iPhone.Build.0 = Debug|x64
		{84C5FEAE-F810-4D26-93B6-39D592107C9A}.Debug|iPhone.Deploy.0 = Debug|x64
		{84C5FEAE-F810-4D26-93B6-39D592107C9A}.Debug|iPhoneSimulator.ActiveCfg = Debug|x64
		{84C5FEAE-F810-4D26-93B6-39D592107C9A}.Debug|iPhoneSimulator.Build.0 = Debug|x64
		{84C5FEAE-F810-4D26-93B6-39D592107C9A}.Debug|iPhoneSimulator.Deploy.0 = Debug|x64
		{84C5FEAE-F810-4D26-93B6-39D592107C9A}.Debug|x64.ActiveCfg = Debug|x64
		{84C5FEAE-F810-4D26-93B6-39D592107C9A}.Debug|x64.Build.0 = Debug|x64
		{84C5FEAE-F810-4D26-93B6-39D592107C9A}.Debug|x64.Deploy.0 = Debug|x64
		{84C5FEAE-F810-4D26-93B6-39D592107C9A}.Debug|x86.ActiveCfg = Debug|x86
		{84C5FEAE-F810-4D26-93B6-39D592107C9A}.Debug|x86.Build.0 = Debug|x86
		{84C5FEAE-F810-4D26-93B6-39D592107C9A}.Debug|x86.Deploy.0 = Debug|x86
		{84C5FEAE-F810-4D26-93B6-39D592107C9A}.Release|Any CPU.ActiveCfg = Release|x64
		{84C5FEAE-F810-4D26-93B6-39D592107C9A}.Release|Any CPU.Build.0 = Release|x64
		{84C5FEAE-F810-4D26-93B6-39D592107C9A}.Release|Any CPU.Deploy.0 = Release|x64
		{84C5FEAE-F810-4D26-93B6-39D592107C9A}.Release|ARM.ActiveCfg = Release|ARM
		{84C5FEAE-F810-4D26-93B6-39D592107C9A}.Release|ARM.Build.0 = Release|ARM
		{84C5FEAE-F810-4D26-93B6-39D592107C9A}.Release|ARM.Deploy.0 = Release|ARM
		{84C5FEAE-F810-4D26-93B6-39D592107C9A}.Release|iPhone.ActiveCfg = Release|x64
		{84C5FEAE-F810-4D26-93B6-39D592107C9A}.Release|iPhone.Build.0 = Release|x64
		{84C5FEAE-F810-4D26-93B6-39D592107C9A}.Release|iPhone.Deploy.0 = Release|x64
		{84C5FEAE-F810-4D26-93B6-39D592107C9A}.Release|iPhoneSimulator.ActiveCfg = Release|x64
		{84C5FEAE-F810-4D26-93B6-39D592107C9A}.Release|iPhoneSimulator.Build.0 = Release|x64
		{84C5FEAE-F810-4D26-93B6-39D592107C9A}.Release|iPhoneSimulator.Deploy.0 = Release|x64
		{84C5FEAE-F810-4D26-93B6-39D592107C9A}.Release|x64.ActiveCfg = Release|x64
		{84C5FEAE-F810-4D26-93B6-39D592107C9A}.Release|x64.Build.0 = Release|x64
		{84C5FEAE-F810-4D26-93B6-39D592107C9A}.Release|x64.Deploy.0 = Release|x64
		{84C5FEAE-F810-4D26-93B6-39D592107C9A}.Release|x86.ActiveCfg = Release|x86
		{84C5FEAE-F810-4D26-93B6-39D592107C9A}.Release|x86.Build.0 = Release|x86
		{84C5FEAE-F810-4D26-93B6-39D592107C9A}.Release|x86.Deploy.0 = Release|x86
		{BA90A9C6-711B-4F5D-A0D5-343BDD295B92}.Debug|Any CPU.ActiveCfg = Debug|Any CPU
		{BA90A9C6-711B-4F5D-A0D5-343BDD295B92}.Debug|Any CPU.Build.0 = Debug|Any CPU
		{BA90A9C6-711B-4F5D-A0D5-343BDD295B92}.Debug|Any CPU.Deploy.0 = Debug|Any CPU
		{BA90A9C6-711B-4F5D-A0D5-343BDD295B92}.Debug|ARM.ActiveCfg = Debug|Any CPU
		{BA90A9C6-711B-4F5D-A0D5-343BDD295B92}.Debug|ARM.Build.0 = Debug|Any CPU
		{BA90A9C6-711B-4F5D-A0D5-343BDD295B92}.Debug|ARM.Deploy.0 = Debug|Any CPU
		{BA90A9C6-711B-4F5D-A0D5-343BDD295B92}.Debug|iPhone.ActiveCfg = Debug|Any CPU
		{BA90A9C6-711B-4F5D-A0D5-343BDD295B92}.Debug|iPhone.Build.0 = Debug|Any CPU
		{BA90A9C6-711B-4F5D-A0D5-343BDD295B92}.Debug|iPhone.Deploy.0 = Debug|Any CPU
		{BA90A9C6-711B-4F5D-A0D5-343BDD295B92}.Debug|iPhoneSimulator.ActiveCfg = Debug|Any CPU
		{BA90A9C6-711B-4F5D-A0D5-343BDD295B92}.Debug|iPhoneSimulator.Build.0 = Debug|Any CPU
		{BA90A9C6-711B-4F5D-A0D5-343BDD295B92}.Debug|iPhoneSimulator.Deploy.0 = Debug|Any CPU
		{BA90A9C6-711B-4F5D-A0D5-343BDD295B92}.Debug|x64.ActiveCfg = Debug|Any CPU
		{BA90A9C6-711B-4F5D-A0D5-343BDD295B92}.Debug|x64.Build.0 = Debug|Any CPU
		{BA90A9C6-711B-4F5D-A0D5-343BDD295B92}.Debug|x64.Deploy.0 = Debug|Any CPU
		{BA90A9C6-711B-4F5D-A0D5-343BDD295B92}.Debug|x86.ActiveCfg = Debug|Any CPU
		{BA90A9C6-711B-4F5D-A0D5-343BDD295B92}.Debug|x86.Build.0 = Debug|Any CPU
		{BA90A9C6-711B-4F5D-A0D5-343BDD295B92}.Debug|x86.Deploy.0 = Debug|Any CPU
		{BA90A9C6-711B-4F5D-A0D5-343BDD295B92}.Release|Any CPU.ActiveCfg = Release|Any CPU
		{BA90A9C6-711B-4F5D-A0D5-343BDD295B92}.Release|Any CPU.Build.0 = Release|Any CPU
		{BA90A9C6-711B-4F5D-A0D5-343BDD295B92}.Release|Any CPU.Deploy.0 = Release|Any CPU
		{BA90A9C6-711B-4F5D-A0D5-343BDD295B92}.Release|ARM.ActiveCfg = Release|Any CPU
		{BA90A9C6-711B-4F5D-A0D5-343BDD295B92}.Release|ARM.Build.0 = Release|Any CPU
		{BA90A9C6-711B-4F5D-A0D5-343BDD295B92}.Release|ARM.Deploy.0 = Release|Any CPU
		{BA90A9C6-711B-4F5D-A0D5-343BDD295B92}.Release|iPhone.ActiveCfg = Release|Any CPU
		{BA90A9C6-711B-4F5D-A0D5-343BDD295B92}.Release|iPhone.Build.0 = Release|Any CPU
		{BA90A9C6-711B-4F5D-A0D5-343BDD295B92}.Release|iPhone.Deploy.0 = Release|Any CPU
		{BA90A9C6-711B-4F5D-A0D5-343BDD295B92}.Release|iPhoneSimulator.ActiveCfg = Release|Any CPU
		{BA90A9C6-711B-4F5D-A0D5-343BDD295B92}.Release|iPhoneSimulator.Build.0 = Release|Any CPU
		{BA90A9C6-711B-4F5D-A0D5-343BDD295B92}.Release|iPhoneSimulator.Deploy.0 = Release|Any CPU
		{BA90A9C6-711B-4F5D-A0D5-343BDD295B92}.Release|x64.ActiveCfg = Release|Any CPU
		{BA90A9C6-711B-4F5D-A0D5-343BDD295B92}.Release|x64.Build.0 = Release|Any CPU
		{BA90A9C6-711B-4F5D-A0D5-343BDD295B92}.Release|x64.Deploy.0 = Release|Any CPU
		{BA90A9C6-711B-4F5D-A0D5-343BDD295B92}.Release|x86.ActiveCfg = Release|Any CPU
		{BA90A9C6-711B-4F5D-A0D5-343BDD295B92}.Release|x86.Build.0 = Release|Any CPU
		{BA90A9C6-711B-4F5D-A0D5-343BDD295B92}.Release|x86.Deploy.0 = Release|Any CPU
		{CC2E38D0-1392-43A0-98A7-71A941A97B00}.Debug|Any CPU.ActiveCfg = Debug|iPhoneSimulator
		{CC2E38D0-1392-43A0-98A7-71A941A97B00}.Debug|Any CPU.Build.0 = Debug|iPhoneSimulator
		{CC2E38D0-1392-43A0-98A7-71A941A97B00}.Debug|Any CPU.Deploy.0 = Debug|iPhoneSimulator
		{CC2E38D0-1392-43A0-98A7-71A941A97B00}.Debug|ARM.ActiveCfg = Debug|iPhoneSimulator
		{CC2E38D0-1392-43A0-98A7-71A941A97B00}.Debug|ARM.Build.0 = Debug|iPhoneSimulator
		{CC2E38D0-1392-43A0-98A7-71A941A97B00}.Debug|ARM.Deploy.0 = Debug|iPhoneSimulator
		{CC2E38D0-1392-43A0-98A7-71A941A97B00}.Debug|iPhone.ActiveCfg = Debug|iPhone
		{CC2E38D0-1392-43A0-98A7-71A941A97B00}.Debug|iPhone.Build.0 = Debug|iPhone
		{CC2E38D0-1392-43A0-98A7-71A941A97B00}.Debug|iPhone.Deploy.0 = Debug|iPhone
		{CC2E38D0-1392-43A0-98A7-71A941A97B00}.Debug|iPhoneSimulator.ActiveCfg = Debug|iPhoneSimulator
		{CC2E38D0-1392-43A0-98A7-71A941A97B00}.Debug|iPhoneSimulator.Build.0 = Debug|iPhoneSimulator
		{CC2E38D0-1392-43A0-98A7-71A941A97B00}.Debug|iPhoneSimulator.Deploy.0 = Debug|iPhoneSimulator
		{CC2E38D0-1392-43A0-98A7-71A941A97B00}.Debug|x64.ActiveCfg = Debug|iPhone
		{CC2E38D0-1392-43A0-98A7-71A941A97B00}.Debug|x64.Build.0 = Debug|iPhone
		{CC2E38D0-1392-43A0-98A7-71A941A97B00}.Debug|x64.Deploy.0 = Debug|iPhone
		{CC2E38D0-1392-43A0-98A7-71A941A97B00}.Debug|x86.ActiveCfg = Debug|iPhoneSimulator
		{CC2E38D0-1392-43A0-98A7-71A941A97B00}.Debug|x86.Build.0 = Debug|iPhoneSimulator
		{CC2E38D0-1392-43A0-98A7-71A941A97B00}.Debug|x86.Deploy.0 = Debug|iPhoneSimulator
		{CC2E38D0-1392-43A0-98A7-71A941A97B00}.Release|Any CPU.ActiveCfg = Release|iPhoneSimulator
		{CC2E38D0-1392-43A0-98A7-71A941A97B00}.Release|Any CPU.Build.0 = Release|iPhoneSimulator
		{CC2E38D0-1392-43A0-98A7-71A941A97B00}.Release|Any CPU.Deploy.0 = Release|iPhoneSimulator
		{CC2E38D0-1392-43A0-98A7-71A941A97B00}.Release|ARM.ActiveCfg = Release|iPhoneSimulator
		{CC2E38D0-1392-43A0-98A7-71A941A97B00}.Release|ARM.Build.0 = Release|iPhoneSimulator
		{CC2E38D0-1392-43A0-98A7-71A941A97B00}.Release|ARM.Deploy.0 = Release|iPhoneSimulator
		{CC2E38D0-1392-43A0-98A7-71A941A97B00}.Release|iPhone.ActiveCfg = Release|iPhone
		{CC2E38D0-1392-43A0-98A7-71A941A97B00}.Release|iPhone.Build.0 = Release|iPhone
		{CC2E38D0-1392-43A0-98A7-71A941A97B00}.Release|iPhone.Deploy.0 = Release|iPhone
		{CC2E38D0-1392-43A0-98A7-71A941A97B00}.Release|iPhoneSimulator.ActiveCfg = Release|iPhoneSimulator
		{CC2E38D0-1392-43A0-98A7-71A941A97B00}.Release|iPhoneSimulator.Build.0 = Release|iPhoneSimulator
		{CC2E38D0-1392-43A0-98A7-71A941A97B00}.Release|iPhoneSimulator.Deploy.0 = Release|iPhoneSimulator
		{CC2E38D0-1392-43A0-98A7-71A941A97B00}.Release|x64.ActiveCfg = Release|iPhoneSimulator
		{CC2E38D0-1392-43A0-98A7-71A941A97B00}.Release|x64.Build.0 = Release|iPhoneSimulator
		{CC2E38D0-1392-43A0-98A7-71A941A97B00}.Release|x64.Deploy.0 = Release|iPhoneSimulator
		{CC2E38D0-1392-43A0-98A7-71A941A97B00}.Release|x86.ActiveCfg = Release|iPhoneSimulator
		{CC2E38D0-1392-43A0-98A7-71A941A97B00}.Release|x86.Build.0 = Release|iPhoneSimulator
		{CC2E38D0-1392-43A0-98A7-71A941A97B00}.Release|x86.Deploy.0 = Release|iPhoneSimulator
		{D48604BA-3A37-4DAB-9206-E0CFC4DF6554}.Debug|Any CPU.ActiveCfg = Debug|Any CPU
		{D48604BA-3A37-4DAB-9206-E0CFC4DF6554}.Debug|Any CPU.Build.0 = Debug|Any CPU
		{D48604BA-3A37-4DAB-9206-E0CFC4DF6554}.Debug|Any CPU.Deploy.0 = Debug|Any CPU
		{D48604BA-3A37-4DAB-9206-E0CFC4DF6554}.Debug|ARM.ActiveCfg = Debug|Any CPU
		{D48604BA-3A37-4DAB-9206-E0CFC4DF6554}.Debug|ARM.Build.0 = Debug|Any CPU
		{D48604BA-3A37-4DAB-9206-E0CFC4DF6554}.Debug|ARM.Deploy.0 = Debug|Any CPU
		{D48604BA-3A37-4DAB-9206-E0CFC4DF6554}.Debug|iPhone.ActiveCfg = Debug|Any CPU
		{D48604BA-3A37-4DAB-9206-E0CFC4DF6554}.Debug|iPhone.Build.0 = Debug|Any CPU
		{D48604BA-3A37-4DAB-9206-E0CFC4DF6554}.Debug|iPhone.Deploy.0 = Debug|Any CPU
		{D48604BA-3A37-4DAB-9206-E0CFC4DF6554}.Debug|iPhoneSimulator.ActiveCfg = Debug|Any CPU
		{D48604BA-3A37-4DAB-9206-E0CFC4DF6554}.Debug|iPhoneSimulator.Build.0 = Debug|Any CPU
		{D48604BA-3A37-4DAB-9206-E0CFC4DF6554}.Debug|iPhoneSimulator.Deploy.0 = Debug|Any CPU
		{D48604BA-3A37-4DAB-9206-E0CFC4DF6554}.Debug|x64.ActiveCfg = Debug|Any CPU
		{D48604BA-3A37-4DAB-9206-E0CFC4DF6554}.Debug|x64.Build.0 = Debug|Any CPU
		{D48604BA-3A37-4DAB-9206-E0CFC4DF6554}.Debug|x64.Deploy.0 = Debug|Any CPU
		{D48604BA-3A37-4DAB-9206-E0CFC4DF6554}.Debug|x86.ActiveCfg = Debug|Any CPU
		{D48604BA-3A37-4DAB-9206-E0CFC4DF6554}.Debug|x86.Build.0 = Debug|Any CPU
		{D48604BA-3A37-4DAB-9206-E0CFC4DF6554}.Debug|x86.Deploy.0 = Debug|Any CPU
		{D48604BA-3A37-4DAB-9206-E0CFC4DF6554}.Release|Any CPU.ActiveCfg = Release|Any CPU
		{D48604BA-3A37-4DAB-9206-E0CFC4DF6554}.Release|Any CPU.Build.0 = Release|Any CPU
		{D48604BA-3A37-4DAB-9206-E0CFC4DF6554}.Release|Any CPU.Deploy.0 = Release|Any CPU
		{D48604BA-3A37-4DAB-9206-E0CFC4DF6554}.Release|ARM.ActiveCfg = Release|Any CPU
		{D48604BA-3A37-4DAB-9206-E0CFC4DF6554}.Release|ARM.Build.0 = Release|Any CPU
		{D48604BA-3A37-4DAB-9206-E0CFC4DF6554}.Release|ARM.Deploy.0 = Release|Any CPU
		{D48604BA-3A37-4DAB-9206-E0CFC4DF6554}.Release|iPhone.ActiveCfg = Release|Any CPU
		{D48604BA-3A37-4DAB-9206-E0CFC4DF6554}.Release|iPhone.Build.0 = Release|Any CPU
		{D48604BA-3A37-4DAB-9206-E0CFC4DF6554}.Release|iPhone.Deploy.0 = Release|Any CPU
		{D48604BA-3A37-4DAB-9206-E0CFC4DF6554}.Release|iPhoneSimulator.ActiveCfg = Release|Any CPU
		{D48604BA-3A37-4DAB-9206-E0CFC4DF6554}.Release|iPhoneSimulator.Build.0 = Release|Any CPU
		{D48604BA-3A37-4DAB-9206-E0CFC4DF6554}.Release|iPhoneSimulator.Deploy.0 = Release|Any CPU
		{D48604BA-3A37-4DAB-9206-E0CFC4DF6554}.Release|x64.ActiveCfg = Release|Any CPU
		{D48604BA-3A37-4DAB-9206-E0CFC4DF6554}.Release|x64.Build.0 = Release|Any CPU
		{D48604BA-3A37-4DAB-9206-E0CFC4DF6554}.Release|x64.Deploy.0 = Release|Any CPU
		{D48604BA-3A37-4DAB-9206-E0CFC4DF6554}.Release|x86.ActiveCfg = Release|Any CPU
		{D48604BA-3A37-4DAB-9206-E0CFC4DF6554}.Release|x86.Build.0 = Release|Any CPU
		{D48604BA-3A37-4DAB-9206-E0CFC4DF6554}.Release|x86.Deploy.0 = Release|Any CPU
	EndGlobalSection
	GlobalSection(SolutionProperties) = preSolution
		HideSolutionNode = FALSE
	EndGlobalSection
	GlobalSection(ExtensibilityGlobals) = postSolution
		SolutionGuid = {84086158-A1DC-4D19-8470-D00DB8D3E27A}
	EndGlobalSection
EndGlobal
